// !$*UTF8*$!
{
	archiveVersion = 1;
	classes = {
	};
	objectVersion = 56;
	objects = {

/* Begin PBXBuildFile section */
		A10000000000000000000001 /* AppModel.swift in Sources */ = {isa = PBXBuildFile; fileRef = A20000000000000000000001 /* AppModel.swift */; };
		A10000000000000000000002 /* AzureCLI.swift in Sources */ = {isa = PBXBuildFile; fileRef = A20000000000000000000002 /* AzureCLI.swift */; };
		A10000000000000000000003 /* CredentialBroker.swift in Sources */ = {isa = PBXBuildFile; fileRef = A20000000000000000000003 /* CredentialBroker.swift */; };
		A10000000000000000000004 /* KeychainStore.swift in Sources */ = {isa = PBXBuildFile; fileRef = A20000000000000000000004 /* KeychainStore.swift */; };
		A10000000000000000000005 /* MainView.swift in Sources */ = {isa = PBXBuildFile; fileRef = A20000000000000000000005 /* MainView.swift */; };
		A10000000000000000000006 /* OSLogHandler.swift in Sources */ = {isa = PBXBuildFile; fileRef = A20000000000000000000006 /* OSLogHandler.swift */; };
		A10000000000000000000007 /* PGClonerApp.swift in Sources */ = {isa = PBXBuildFile; fileRef = A20000000000000000000007 /* PGClonerApp.swift */; };
		A10000000000000000000008 /* ProfileStore.swift in Sources */ = {isa = PBXBuildFile; fileRef = A20000000000000000000008 /* ProfileStore.swift */; };
		A10000000000000000000009 /* RuleStore.swift in Sources */ = {isa = PBXBuildFile; fileRef = A20000000000000000000009 /* RuleStore.swift */; };
		A1000000000000000000000A /* SettingsView.swift in Sources */ = {isa = PBXBuildFile; fileRef = A2000000000000000000000A /* SettingsView.swift */; };
		A1000000000000000000000B /* AppHelp.txt in Resources */ = {isa = PBXBuildFile; fileRef = A2000000000000000000000B /* AppHelp.txt */; };
		A1000000000000000000000C /* PGClonerCore in Frameworks */ = {isa = PBXBuildFile; productRef = A90000000000000000000001 /* PGClonerCore */; };
		A1000000000000000000000D /* PGClonerPostgres in Frameworks */ = {isa = PBXBuildFile; productRef = A90000000000000000000002 /* PGClonerPostgres */; };
		A1000000000000000000000E /* Logging in Frameworks */ = {isa = PBXBuildFile; productRef = A90000000000000000000003 /* Logging */; };
		A1000000000000000000000F /* PGClonerUITests.swift in Sources */ = {isa = PBXBuildFile; fileRef = A2000000000000000000000C /* PGClonerUITests.swift */; };
		A10000000000000000000010 /* XCTest.framework in Frameworks */ = {isa = PBXBuildFile; fileRef = A2000000000000000000000F /* XCTest.framework */; };
		A10000000000000000000011 /* Assets.xcassets in Resources */ = {isa = PBXBuildFile; fileRef = A20000000000000000000013 /* Assets.xcassets */; };
		A10000000000000000000012 /* Sparkle.framework in Frameworks */ = {isa = PBXBuildFile; fileRef = A20000000000000000000014 /* Sparkle.framework */; };
/* End PBXBuildFile section */

/* Begin PBXContainerItemProxy section */
		A30000000000000000000001 /* PBXContainerItemProxy */ = {
			isa = PBXContainerItemProxy;
			containerPortal = A70000000000000000000001 /* Project object */;
			proxyType = 1;
			remoteGlobalIDString = A80000000000000000000001;
			remoteInfo = PGClonerApp;
		};
/* End PBXContainerItemProxy section */

/* Begin PBXFileReference section */
		A20000000000000000000001 /* AppModel.swift */ = {isa = PBXFileReference; lastKnownFileType = sourcecode.swift; path = AppModel.swift; sourceTree = "<group>"; };
		A20000000000000000000002 /* AzureCLI.swift */ = {isa = PBXFileReference; lastKnownFileType = sourcecode.swift; path = AzureCLI.swift; sourceTree = "<group>"; };
		A20000000000000000000003 /* CredentialBroker.swift */ = {isa = PBXFileReference; lastKnownFileType = sourcecode.swift; path = CredentialBroker.swift; sourceTree = "<group>"; };
		A20000000000000000000004 /* KeychainStore.swift */ = {isa = PBXFileReference; lastKnownFileType = sourcecode.swift; path = KeychainStore.swift; sourceTree = "<group>"; };
		A20000000000000000000005 /* MainView.swift */ = {isa = PBXFileReference; lastKnownFileType = sourcecode.swift; path = MainView.swift; sourceTree = "<group>"; };
		A20000000000000000000006 /* OSLogHandler.swift */ = {isa = PBXFileReference; lastKnownFileType = sourcecode.swift; path = OSLogHandler.swift; sourceTree = "<group>"; };
		A20000000000000000000007 /* PGClonerApp.swift */ = {isa = PBXFileReference; lastKnownFileType = sourcecode.swift; path = PGClonerApp.swift; sourceTree = "<group>"; };
		A20000000000000000000008 /* ProfileStore.swift */ = {isa = PBXFileReference; lastKnownFileType = sourcecode.swift; path = ProfileStore.swift; sourceTree = "<group>"; };
		A20000000000000000000009 /* RuleStore.swift */ = {isa = PBXFileReference; lastKnownFileType = sourcecode.swift; path = RuleStore.swift; sourceTree = "<group>"; };
		A2000000000000000000000A /* SettingsView.swift */ = {isa = PBXFileReference; lastKnownFileType = sourcecode.swift; path = SettingsView.swift; sourceTree = "<group>"; };
		A2000000000000000000000B /* AppHelp.txt */ = {isa = PBXFileReference; lastKnownFileType = text; path = Resources/AppHelp.txt; sourceTree = "<group>"; };
		A2000000000000000000000C /* PGClonerUITests.swift */ = {isa = PBXFileReference; lastKnownFileType = sourcecode.swift; path = PGClonerUITests.swift; sourceTree = "<group>"; };
		A2000000000000000000000D /* PG Cloner.app */ = {isa = PBXFileReference; explicitFileType = wrapper.application; includeInIndex = 0; path = "PG Cloner.app"; sourceTree = BUILT_PRODUCTS_DIR; };
		A2000000000000000000000E /* PGClonerUITests.xctest */ = {isa = PBXFileReference; explicitFileType = wrapper.cfbundle; includeInIndex = 0; path = PGClonerUITests.xctest; sourceTree = BUILT_PRODUCTS_DIR; };
		A2000000000000000000000F /* XCTest.framework */ = {isa = PBXFileReference; lastKnownFileType = wrapper.framework; name = XCTest.framework; path = System/Library/Frameworks/XCTest.framework; sourceTree = SDKROOT; };
		A20000000000000000000010 /* Info.plist */ = {isa = PBXFileReference; lastKnownFileType = text.plist.xml; path = Info.plist; sourceTree = "<group>"; };
		A20000000000000000000011 /* PGCloner.entitlements */ = {isa = PBXFileReference; lastKnownFileType = text.plist.entitlements; path = PGCloner.entitlements; sourceTree = "<group>"; };
		A20000000000000000000012 /* First Run.txt */ = {isa = PBXFileReference; lastKnownFileType = text; path = "First Run.txt"; sourceTree = "<group>"; };
		A20000000000000000000013 /* Assets.xcassets */ = {isa = PBXFileReference; lastKnownFileType = folder.assetcatalog; path = Resources/Assets.xcassets; sourceTree = "<group>"; };
		A20000000000000000000014 /* Sparkle.framework */ = {isa = PBXFileReference; explicitFileType = wrapper.framework; path = Sparkle.framework; sourceTree = BUILT_PRODUCTS_DIR; };
/* End PBXFileReference section */

/* Begin PBXFrameworksBuildPhase section */
		A40000000000000000000001 /* Frameworks */ = {
			isa = PBXFrameworksBuildPhase;
			buildActionMask = 2147483647;
			files = (
				A1000000000000000000000C /* PGClonerCore in Frameworks */,
				A1000000000000000000000D /* PGClonerPostgres in Frameworks */,
				A1000000000000000000000E /* Logging in Frameworks */,
				A10000000000000000000012 /* Sparkle.framework in Frameworks */,
			);
			runOnlyForDeploymentPostprocessing = 0;
		};
		A40000000000000000000002 /* Frameworks */ = {
			isa = PBXFrameworksBuildPhase;
			buildActionMask = 2147483647;
			files = (
				A10000000000000000000010 /* XCTest.framework in Frameworks */,
			);
			runOnlyForDeploymentPostprocessing = 0;
		};
/* End PBXFrameworksBuildPhase section */

/* Begin PBXGroup section */
		A50000000000000000000001 = {
			isa = PBXGroup;
			children = (
				A50000000000000000000002 /* PGClonerApp */,
				A50000000000000000000003 /* PGClonerUITests */,
				A50000000000000000000004 /* Distribution */,
				A50000000000000000000005 /* Frameworks */,
				A50000000000000000000006 /* Products */,
			);
			sourceTree = "<group>";
		};
		A50000000000000000000002 /* PGClonerApp */ = {
			isa = PBXGroup;
			children = (
				A20000000000000000000001 /* AppModel.swift */,
				A20000000000000000000002 /* AzureCLI.swift */,
				A20000000000000000000003 /* CredentialBroker.swift */,
				A20000000000000000000004 /* KeychainStore.swift */,
				A20000000000000000000005 /* MainView.swift */,
				A20000000000000000000006 /* OSLogHandler.swift */,
				A20000000000000000000007 /* PGClonerApp.swift */,
				A20000000000000000000008 /* ProfileStore.swift */,
				A20000000000000000000009 /* RuleStore.swift */,
				A2000000000000000000000A /* SettingsView.swift */,
				A2000000000000000000000B /* AppHelp.txt */,
				A20000000000000000000013 /* Assets.xcassets */,
			);
			path = Sources/PGClonerApp;
			sourceTree = SOURCE_ROOT;
		};
		A50000000000000000000003 /* PGClonerUITests */ = {
			isa = PBXGroup;
			children = (
				A2000000000000000000000C /* PGClonerUITests.swift */,
			);
			path = UITests;
			sourceTree = SOURCE_ROOT;
		};
		A50000000000000000000004 /* Distribution */ = {
			isa = PBXGroup;
			children = (
				A20000000000000000000010 /* Info.plist */,
				A20000000000000000000011 /* PGCloner.entitlements */,
				A20000000000000000000012 /* First Run.txt */,
			);
			path = distribution;
			sourceTree = SOURCE_ROOT;
		};
		A50000000000000000000005 /* Frameworks */ = {
			isa = PBXGroup;
			children = (
				A2000000000000000000000F /* XCTest.framework */,
				A20000000000000000000014 /* Sparkle.framework */,
			);
			name = Frameworks;
			sourceTree = "<group>";
		};
		A50000000000000000000006 /* Products */ = {
			isa = PBXGroup;
			children = (
				A2000000000000000000000D /* PG Cloner.app */,
				A2000000000000000000000E /* PGClonerUITests.xctest */,
			);
			name = Products;
			sourceTree = "<group>";
		};
/* End PBXGroup section */

/* Begin PBXNativeTarget section */
		A80000000000000000000001 /* PGClonerApp */ = {
			isa = PBXNativeTarget;
			buildConfigurationList = A60000000000000000000002 /* Build configuration list for PBXNativeTarget "PGClonerApp" */;
			buildPhases = (
				A40000000000000000000003 /* Sources */,
				A40000000000000000000001 /* Frameworks */,
				A40000000000000000000005 /* Resources */,
			);
			buildRules = (
			);
			dependencies = (
			);
			name = PGClonerApp;
			packageProductDependencies = (
				A90000000000000000000001 /* PGClonerCore */,
				A90000000000000000000002 /* PGClonerPostgres */,
				A90000000000000000000003 /* Logging */,
				A90000000000000000000006 /* Sparkle */,
			);
			productName = PGClonerApp;
			productReference = A2000000000000000000000D /* PG Cloner.app */;
			productType = "com.apple.product-type.application";
		};
		A80000000000000000000002 /* PGClonerUITests */ = {
			isa = PBXNativeTarget;
			buildConfigurationList = A60000000000000000000003 /* Build configuration list for PBXNativeTarget "PGClonerUITests" */;
			buildPhases = (
				A40000000000000000000004 /* Sources */,
				A40000000000000000000002 /* Frameworks */,
				A40000000000000000000006 /* Resources */,
			);
			buildRules = (
			);
			dependencies = (
				A30000000000000000000002 /* PBXTargetDependency */,
			);
			name = PGClonerUITests;
			packageProductDependencies = (
			);
			productName = PGClonerUITests;
			productReference = A2000000000000000000000E /* PGClonerUITests.xctest */;
			productType = "com.apple.product-type.bundle.ui-testing";
		};
/* End PBXNativeTarget section */

/* Begin PBXProject section */
		A70000000000000000000001 /* Project object */ = {
			isa = PBXProject;
			attributes = {
				BuildIndependentTargetsInParallel = 1;
				LastSwiftUpdateCheck = 1600;
				LastUpgradeCheck = 1600;
				TargetAttributes = {
					A80000000000000000000001 = {
						CreatedOnToolsVersion = 16.0;
					};
					A80000000000000000000002 = {
						CreatedOnToolsVersion = 16.0;
						TestTargetID = A80000000000000000000001;
					};
				};
			};
			buildConfigurationList = A60000000000000000000001 /* Build configuration list for PBXProject "PGCloner" */;
			compatibilityVersion = "Xcode 14.0";
			developmentRegion = en;
			hasScannedForEncodings = 0;
			knownRegions = (
				en,
				Base,
			);
			mainGroup = A50000000000000000000001;
			packageReferences = (
				A90000000000000000000004 /* XCLocalSwiftPackageReference "." */,
				A90000000000000000000005 /* XCRemoteSwiftPackageReference "swift-log" */,
				A90000000000000000000007 /* XCRemoteSwiftPackageReference "Sparkle" */,
			);
			productRefGroup = A50000000000000000000006 /* Products */;
			projectDirPath = "";
			projectRoot = "";
			targets = (
				A80000000000000000000001 /* PGClonerApp */,
				A80000000000000000000002 /* PGClonerUITests */,
			);
		};
/* End PBXProject section */

/* Begin PBXResourcesBuildPhase section */
		A40000000000000000000005 /* Resources */ = {
			isa = PBXResourcesBuildPhase;
			buildActionMask = 2147483647;
			files = (
				A1000000000000000000000B /* AppHelp.txt in Resources */,
				A10000000000000000000011 /* Assets.xcassets in Resources */,
			);
			runOnlyForDeploymentPostprocessing = 0;
		};
		A40000000000000000000006 /* Resources */ = {
			isa = PBXResourcesBuildPhase;
			buildActionMask = 2147483647;
			files = (
			);
			runOnlyForDeploymentPostprocessing = 0;
		};
/* End PBXResourcesBuildPhase section */

/* Begin PBXSourcesBuildPhase section */
		A40000000000000000000003 /* Sources */ = {
			isa = PBXSourcesBuildPhase;
			buildActionMask = 2147483647;
			files = (
				A10000000000000000000001 /* AppModel.swift in Sources */,
				A10000000000000000000002 /* AzureCLI.swift in Sources */,
				A10000000000000000000003 /* CredentialBroker.swift in Sources */,
				A10000000000000000000004 /* KeychainStore.swift in Sources */,
				A10000000000000000000005 /* MainView.swift in Sources */,
				A10000000000000000000006 /* OSLogHandler.swift in Sources */,
				A10000000000000000000007 /* PGClonerApp.swift in Sources */,
				A10000000000000000000008 /* ProfileStore.swift in Sources */,
				A10000000000000000000009 /* RuleStore.swift in Sources */,
				A1000000000000000000000A /* SettingsView.swift in Sources */,
			);
			runOnlyForDeploymentPostprocessing = 0;
		};
		A40000000000000000000004 /* Sources */ = {
			isa = PBXSourcesBuildPhase;
			buildActionMask = 2147483647;
			files = (
				A1000000000000000000000F /* PGClonerUITests.swift in Sources */,
			);
			runOnlyForDeploymentPostprocessing = 0;
		};
/* End PBXSourcesBuildPhase section */

/* Begin PBXTargetDependency section */
		A30000000000000000000002 /* PBXTargetDependency */ = {
			isa = PBXTargetDependency;
			target = A80000000000000000000001 /* PGClonerApp */;
			targetProxy = A30000000000000000000001 /* PBXContainerItemProxy */;
		};
/* End PBXTargetDependency section */

/* Begin XCBuildConfiguration section */
		A60000000000000000000004 /* Debug */ = {
			isa = XCBuildConfiguration;
			buildSettings = {
				CLANG_ENABLE_MODULES = YES;
				MACOSX_DEPLOYMENT_TARGET = 14.0;
				SDKROOT = macosx;
				SWIFT_VERSION = 6.0;
			};
			name = Debug;
		};
		A60000000000000000000005 /* Release */ = {
			isa = XCBuildConfiguration;
			buildSettings = {
				CLANG_ENABLE_MODULES = YES;
				MACOSX_DEPLOYMENT_TARGET = 14.0;
				SDKROOT = macosx;
				SWIFT_COMPILATION_MODE = wholemodule;
				SWIFT_OPTIMIZATION_LEVEL = "-O";
				SWIFT_VERSION = 6.0;
			};
			name = Release;
		};
		A60000000000000000000006 /* Debug */ = {
			isa = XCBuildConfiguration;
			buildSettings = {
				ARCHS = "$(ARCHS_STANDARD)";
				CODE_SIGN_ENTITLEMENTS = distribution/PGCloner.entitlements;
				CODE_SIGN_STYLE = Automatic;
				COMBINE_HIDPI_IMAGES = YES;
				CURRENT_PROJECT_VERSION = 1;
				ENABLE_APP_SANDBOX = NO;
				EXECUTABLE_NAME = PGClonerApp;
				GENERATE_INFOPLIST_FILE = NO;
				INFOPLIST_FILE = distribution/Info.plist;
				LD_RUNPATH_SEARCH_PATHS = (
					"$(inherited)",
					"@executable_path/../Frameworks",
				);
				MACOSX_DEPLOYMENT_TARGET = 14.0;
				MARKETING_VERSION = 1.0.0;
				ONLY_ACTIVE_ARCH = YES;
				PRODUCT_BUNDLE_IDENTIFIER = com.pgcloner.app;
				PRODUCT_NAME = "PG Cloner";
				ASSETCATALOG_COMPILER_APPICON_NAME = AppIcon;
				SWIFT_ACTIVE_COMPILATION_CONDITIONS = "$(inherited) DEBUG PGCLONER_OBSERVATION_MACRO";
				SWIFT_EMIT_LOC_STRINGS = YES;
				SWIFT_STRICT_CONCURRENCY = complete;
				SWIFT_VERSION = 6.0;
			};
			name = Debug;
		};
		A60000000000000000000007 /* Release */ = {
			isa = XCBuildConfiguration;
			buildSettings = {
				ARCHS = "$(ARCHS_STANDARD)";
				CODE_SIGN_ENTITLEMENTS = distribution/PGCloner.entitlements;
				CODE_SIGN_STYLE = Automatic;
				COMBINE_HIDPI_IMAGES = YES;
				CURRENT_PROJECT_VERSION = 1;
				ENABLE_APP_SANDBOX = NO;
				EXECUTABLE_NAME = PGClonerApp;
				GENERATE_INFOPLIST_FILE = NO;
				INFOPLIST_FILE = distribution/Info.plist;
				LD_RUNPATH_SEARCH_PATHS = (
					"$(inherited)",
					"@executable_path/../Frameworks",
				);
				MACOSX_DEPLOYMENT_TARGET = 14.0;
				MARKETING_VERSION = 1.0.0;
				ONLY_ACTIVE_ARCH = NO;
				PRODUCT_BUNDLE_IDENTIFIER = com.pgcloner.app;
				PRODUCT_NAME = "PG Cloner";
				ASSETCATALOG_COMPILER_APPICON_NAME = AppIcon;
				SWIFT_ACTIVE_COMPILATION_CONDITIONS = "$(inherited) PGCLONER_OBSERVATION_MACRO";
				SWIFT_EMIT_LOC_STRINGS = YES;
				SWIFT_STRICT_CONCURRENCY = complete;
				SWIFT_VERSION = 6.0;
			};
			name = Release;
		};
		A60000000000000000000008 /* Debug */ = {
			isa = XCBuildConfiguration;
			buildSettings = {
				CODE_SIGN_STYLE = Automatic;
				GENERATE_INFOPLIST_FILE = YES;
				MACOSX_DEPLOYMENT_TARGET = 14.0;
				PRODUCT_BUNDLE_IDENTIFIER = com.pgcloner.app.uitests;
				PRODUCT_NAME = "$(TARGET_NAME)";
				SWIFT_VERSION = 6.0;
				TEST_TARGET_NAME = PGClonerApp;
			};
			name = Debug;
		};
		A60000000000000000000009 /* Release */ = {
			isa = XCBuildConfiguration;
			buildSettings = {
				CODE_SIGN_STYLE = Automatic;
				GENERATE_INFOPLIST_FILE = YES;
				MACOSX_DEPLOYMENT_TARGET = 14.0;
				PRODUCT_BUNDLE_IDENTIFIER = com.pgcloner.app.uitests;
				PRODUCT_NAME = "$(TARGET_NAME)";
				SWIFT_VERSION = 6.0;
				TEST_TARGET_NAME = PGClonerApp;
			};
			name = Release;
		};
/* End XCBuildConfiguration section */

/* Begin XCConfigurationList section */
		A60000000000000000000001 /* Build configuration list for PBXProject "PGCloner" */ = {
			isa = XCConfigurationList;
			buildConfigurations = (
				A60000000000000000000004 /* Debug */,
				A60000000000000000000005 /* Release */,
			);
			defaultConfigurationIsVisible = 0;
			defaultConfigurationName = Release;
		};
		A60000000000000000000002 /* Build configuration list for PBXNativeTarget "PGClonerApp" */ = {
			isa = XCConfigurationList;
			buildConfigurations = (
				A60000000000000000000006 /* Debug */,
				A60000000000000000000007 /* Release */,
			);
			defaultConfigurationIsVisible = 0;
			defaultConfigurationName = Release;
		};
		A60000000000000000000003 /* Build configuration list for PBXNativeTarget "PGClonerUITests" */ = {
			isa = XCConfigurationList;
			buildConfigurations = (
				A60000000000000000000008 /* Debug */,
				A60000000000000000000009 /* Release */,
			);
			defaultConfigurationIsVisible = 0;
			defaultConfigurationName = Release;
		};
/* End XCConfigurationList section */

/* Begin XCLocalSwiftPackageReference section */
		A90000000000000000000004 /* XCLocalSwiftPackageReference "." */ = {
			isa = XCLocalSwiftPackageReference;
			relativePath = .;
		};
/* End XCLocalSwiftPackageReference section */

/* Begin XCRemoteSwiftPackageReference section */
		A90000000000000000000005 /* XCRemoteSwiftPackageReference "swift-log" */ = {
			isa = XCRemoteSwiftPackageReference;
			repositoryURL = "https://github.com/apple/swift-log.git";
			requirement = {
				kind = upToNextMajorVersion;
				minimumVersion = 1.6.0;
			};
		};
		A90000000000000000000007 /* XCRemoteSwiftPackageReference "Sparkle" */ = {
			isa = XCRemoteSwiftPackageReference;
			repositoryURL = "https://github.com/sparkle-project/Sparkle";
			requirement = {
				kind = upToNextMajorVersion;
				minimumVersion = 2.9.0;
			};
		};
/* End XCRemoteSwiftPackageReference section */

/* Begin XCSwiftPackageProductDependency section */
		A90000000000000000000001 /* PGClonerCore */ = {
			isa = XCSwiftPackageProductDependency;
			package = A90000000000000000000004 /* XCLocalSwiftPackageReference "." */;
			productName = PGClonerCore;
		};
		A90000000000000000000002 /* PGClonerPostgres */ = {
			isa = XCSwiftPackageProductDependency;
			package = A90000000000000000000004 /* XCLocalSwiftPackageReference "." */;
			productName = PGClonerPostgres;
		};
		A90000000000000000000003 /* Logging */ = {
			isa = XCSwiftPackageProductDependency;
			package = A90000000000000000000005 /* XCRemoteSwiftPackageReference "swift-log" */;
			productName = Logging;
		};
		A90000000000000000000006 /* Sparkle */ = {
			isa = XCSwiftPackageProductDependency;
			package = A90000000000000000000007 /* XCRemoteSwiftPackageReference "Sparkle" */;
			productName = Sparkle;
		};
/* End XCSwiftPackageProductDependency section */
	};
	rootObject = A70000000000000000000001 /* Project object */;
}
